<?xml version="1.0" encoding="utf-8"?>
<Project ToolsVersion="4.0" xmlns="http://schemas.microsoft.com/developer/msbuild/2003">
  <ItemGroup>
    <Filter Include="Source Files">
      <UniqueIdentifier>{4FC737F1-C7A5-4376-A066-2A32D752A2FF}</UniqueIdentifier>
      <Extensions>cpp;c;cc;cxx;def;odl;idl;hpj;bat;asm;asmx</Extensions>
    </Filter>
    <Filter Include="Header Files">
      <UniqueIdentifier>{93995380-89BD-4b04-88EB-625FBE52EBFB}</UniqueIdentifier>
      <Extensions>h;hh;hpp;hxx;hm;inl;inc;xsd</Extensions>
    </Filter>
    <Filter Include="Resource Files">
      <UniqueIdentifier>{67DA6AB6-F800-4c08-8B7A-83BB121AAD01}</UniqueIdentifier>
      <Extensions>rc;ico;cur;bmp;dlg;rc2;rct;bin;rgs;gif;jpg;jpeg;jpe;resx;tiff;tif;png;wav;mfcribbon-ms</Extensions>
    </Filter>
    <Filter Include="Boot">
      <UniqueIdentifier>{27c74d0d-df01-4c48-8a2e-6a59b93a1340}</UniqueIdentifier>
    </Filter>
    <Filter Include="Build">
      <UniqueIdentifier>{56304f41-1532-4517-97c4-d77e63a255a1}</UniqueIdentifier>
    </Filter>
  </ItemGroup>
  <ItemGroup>
    <ClInclude Include="res\gfx.h">
      <Filter>Resource Files</Filter>
    </ClInclude>
    <ClInclude Include="res\sound.h">
      <Filter>Resource Files</Filter>
    </ClInclude>
    <ClInclude Include="res\sprite.h">
      <Filter>Resource Files</Filter>
    </ClInclude>
  </ItemGroup>
  <ItemGroup>
    <Resource Include="res\gfx.res">
      <Filter>Resource Files</Filter>
    </Resource>
    <Resource Include="res\sound.res">
      <Filter>Resource Files</Filter>
    </Resource>
    <Resource Include="res\sprite.res">
      <Filter>Resource Files</Filter>
    </Resource>
    <Resource Include="src\boot\sega.s">
      <Filter>Boot</Filter>
    </Resource>
  </ItemGroup>
  <ItemGroup>
    <ClCompile Include="src\main.c">
      <Filter>Source Files</Filter>
    </ClCompile>
    <ClCompile Include="src\boot\rom_head.c">
      <Filter>Boot</Filter>
    </ClCompile>
  </ItemGroup>
  <ItemGroup>
    <None Include="Make.ps1">
      <Filter>Build</Filter>
    </None>
  </ItemGroup>
  <ItemGroup>
    <Text Include="ReadMe.txt" />
  </ItemGroup>
</Project>