<?xml version="1.0" encoding="UTF-8" standalone="yes" ?>
<CodeBlocks_project_file>
	<FileVersion major="1" minor="6" />
	<Project>
		<Option title="XGM player" />
		<Option makefile="D:/apps/SGDK/makefile.gen" />
		<Option makefile_is_custom="1" />
		<Option pch_mode="2" />
		<Option compiler="sega_genesis_compiler" />
		<Build>
			<Target title="release">
				<Option output="xgmplayer" prefix_auto="1" extension_auto="1" />
				<Option object_output="out/" />
				<Option type="1" />
				<Option compiler="sega_genesis_compiler" />
				<Option use_console_runner="0" />
				<Compiler>
					<Add option="-O2" />
				</Compiler>
				<Linker>
					<Add option="-s" />
				</Linker>
				<MakeCommands>
					<Build command="$make -f $makefile" />
					<CompileFile command="$make -f $makefile $file" />
					<Clean command="$make -f $makefile clean" />
					<DistClean command="$make -f $makefile clean" />
					<AskRebuildNeeded command="$make -q -f $makefile $target" />
					<SilentBuild command="$make -s -f $makefile $target" />
				</MakeCommands>
			</Target>
			<Target title="debug">
				<Option output="xgmplayer" prefix_auto="1" extension_auto="1" />
				<Option type="0" />
				<Option compiler="sega_genesis_compiler" />
			</Target>
		</Build>
		<Compiler>
			<Add option="-Wall" />
		</Compiler>
		<Unit filename="inc/log_tab.h" />
		<Unit filename="inc/psg_state.h">
			<Option target="release" />
		</Unit>
		<Unit filename="inc/tracklist.h" />
		<Unit filename="inc/xd3.h">
			<Option target="release" />
		</Unit>
		<Unit filename="inc/xgm_tool.h" />
		<Unit filename="inc/ym_state.h">
			<Option target="release" />
		</Unit>
		<Unit filename="res/bg.png" />
		<Unit filename="res/gfx.h">
			<Option target="release" />
		</Unit>
		<Unit filename="res/gfx.res">
			<Option target="release" />
		</Unit>
		<Unit filename="res/logo.png" />
		<Unit filename="res/music.h">
			<Option target="release" />
		</Unit>
		<Unit filename="res/music.res">
			<Option target="release" />
		</Unit>
		<Unit filename="src/boot/rom_head.c">
			<Option compilerVar="CC" />
		</Unit>
		<Unit filename="src/log_tab.c">
			<Option compilerVar="CC" />
		</Unit>
		<Unit filename="src/main.c">
			<Option compilerVar="CC" />
			<Option target="release" />
		</Unit>
		<Unit filename="src/psg_state.c">
			<Option compilerVar="CC" />
			<Option target="release" />
		</Unit>
		<Unit filename="src/tracklist.c">
			<Option compilerVar="CC" />
		</Unit>
		<Unit filename="src/xgm_tool.c">
			<Option compilerVar="CC" />
		</Unit>
		<Unit filename="src/ym_state.c">
			<Option compilerVar="CC" />
			<Option target="release" />
		</Unit>
		<Extensions>
			<code_completion />
			<envvars />
			<debugger />
		</Extensions>
	</Project>
</CodeBlocks_project_file>
