<?xml version="1.0" encoding="UTF-8" standalone="yes" ?>
<CodeBlocks_project_file>
	<FileVersion major="1" minor="6" />
	<Project>
		<Option title="benchmark" />
		<Option makefile="D:/apps/SGDK/makefile.gen" />
		<Option makefile_is_custom="1" />
		<Option pch_mode="0" />
		<Option compiler="sega_genesis_compiler" />
		<MakeCommands>
			<Build command="$make -f $makefile" />
			<CompileFile command="$make -f $makefile $file" />
			<Clean command="$make -f $makefile clean" />
			<DistClean command="$make -f $makefile clean" />
			<AskRebuildNeeded command="$make -q -f $makefile $target" />
			<SilentBuild command="$make -s -f $makefile $target" />
		</MakeCommands>
		<Build>
			<Target title="debug">
				<Option output="out/rom.out" prefix_auto="0" extension_auto="0" />
				<Option object_output="." />
				<Option deps_output="." />
				<Option type="1" />
				<Option compiler="sega_genesis_compiler" />
				<Option projectResourceIncludeDirsRelation="1" />
				<MakeCommands>
					<Build command="$make -f $makefile debug" />
					<CompileFile command="$make -f $makefile $file" />
					<Clean command="$make -f $makefile clean" />
					<DistClean command="$make -f $makefile clean" />
					<AskRebuildNeeded command="$make -q -f $makefile $target" />
					<SilentBuild command="$make -f $makefile debug &gt; $(CMD_NULL)" />
				</MakeCommands>
			</Target>
			<Target title="release">
				<Option output="out/rom.bin" prefix_auto="0" extension_auto="0" />
				<Option object_output="." />
				<Option deps_output="." />
				<Option type="1" />
				<Option compiler="sega_genesis_compiler" />
				<Option projectResourceIncludeDirsRelation="1" />
				<MakeCommands>
					<Build command="$make -f $makefile release" />
					<CompileFile command="$make -f $makefile $file" />
					<Clean command="$make -f $makefile clean" />
					<DistClean command="$make -f $makefile clean" />
					<AskRebuildNeeded command="$make -q -f $makefile $target" />
					<SilentBuild command="$make -f $makefile release &gt; $(CMD_NULL)" />
				</MakeCommands>
			</Target>
		</Build>
		<Unit filename="inc/main.h" />
		<Unit filename="res/andor.png" />
		<Unit filename="res/cody.png" />
		<Unit filename="res/gfx.res" />
		<Unit filename="res/guy.png" />
		<Unit filename="res/haggar.png" />
		<Unit filename="res/md_jap_logo_big.png" />
		<Unit filename="res/md_jap_logo_med.png" />
		<Unit filename="res/md_jap_logo_small.png" />
		<Unit filename="res/sonic1.vgm" />
		<Unit filename="res/spr_res.res" />
		<Unit filename="src/bg_test.c">
			<Option compilerVar="CC" />
		</Unit>
		<Unit filename="src/bmp_test.c">
			<Option compilerVar="CC" />
		</Unit>
		<Unit filename="src/main.c">
			<Option compilerVar="CC" />
		</Unit>
		<Unit filename="src/math_test.c">
			<Option compilerVar="CC" />
		</Unit>
		<Unit filename="src/math_test_a.s" />
		<Unit filename="src/mem_test.c">
			<Option compilerVar="CC" />
		</Unit>
		<Unit filename="src/spr_test.c">
			<Option compilerVar="CC" />
		</Unit>
		<Extensions>
			<code_completion />
			<envvars />
			<debugger>
				<remote_debugging>
					<options conn_type="-1" ip_address="localhost" ip_port="6868" />
				</remote_debugging>
				<remote_debugging target="debug">
					<options conn_type="0" serial_baud="115200" ip_address="localhost" ip_port="6868" />
				</remote_debugging>
				<remote_debugging target="release">
					<options conn_type="0" serial_baud="115200" ip_address="localhost" ip_port="6868" />
				</remote_debugging>
			</debugger>
			<DoxyBlocks>
				<comment_style block="0" line="0" />
				<doxyfile_project />
				<doxyfile_build />
				<doxyfile_warnings />
				<doxyfile_output />
				<doxyfile_dot />
				<general />
			</DoxyBlocks>
		</Extensions>
	</Project>
</CodeBlocks_project_file>
