<?xml version="1.0" encoding="UTF-8" standalone="yes" ?>
<CodeBlocks_project_file>
	<FileVersion major="1" minor="6" />
	<Project>
		<Option title="apultra" />
		<Option pch_mode="2" />
		<Option compiler="gcc" />
		<Build>
			<Target title="release">
				<Option output="out/apultra" prefix_auto="1" extension_auto="1" />
				<Option object_output="out/" />
				<Option type="1" />
				<Option compiler="gcc" />
				<Compiler>
					<Add option="-O2" />
				</Compiler>
				<Linker>
					<Add option="-s" />
				</Linker>
			</Target>
			<Target title="debug">
				<Option output="out/apultra" prefix_auto="1" extension_auto="1" />
				<Option object_output="out/" />
				<Option type="1" />
				<Option compiler="gcc" />
				<Compiler>
					<Add option="-g" />
				</Compiler>
			</Target>
		</Build>
		<Compiler>
			<Add option="-Wall" />
			<Add directory="src/libdivsufsort/include" />
			<Add directory="src" />
		</Compiler>
		<Unit filename="src/appack_compat.c">
			<Option compilerVar="CC" />
		</Unit>
		<Unit filename="src/apultra.c">
			<Option compilerVar="CC" />
			<Option compile="0" />
			<Option link="0" />
		</Unit>
		<Unit filename="src/expand.c">
			<Option compilerVar="CC" />
		</Unit>
		<Unit filename="src/expand.h" />
		<Unit filename="src/format.h" />
		<Unit filename="src/libapultra.h" />
		<Unit filename="src/libdivsufsort/lib/divsufsort.c">
			<Option compilerVar="CC" />
		</Unit>
		<Unit filename="src/libdivsufsort/lib/divsufsort_utils.c">
			<Option compilerVar="CC" />
		</Unit>
		<Unit filename="src/libdivsufsort/lib/sssort.c">
			<Option compilerVar="CC" />
		</Unit>
		<Unit filename="src/libdivsufsort/lib/trsort.c">
			<Option compilerVar="CC" />
		</Unit>
		<Unit filename="src/matchfinder.c">
			<Option compilerVar="CC" />
		</Unit>
		<Unit filename="src/matchfinder.h" />
		<Unit filename="src/shrink.c">
			<Option compilerVar="CC" />
		</Unit>
		<Unit filename="src/shrink.h" />
		<Extensions>
			<code_completion />
			<envvars />
			<debugger />
			<lib_finder disable_auto="1" />
		</Extensions>
	</Project>
</CodeBlocks_project_file>
