<?xml version="1.0" encoding="UTF-8" standalone="yes" ?>
<CodeBlocks_project_file>
	<FileVersion major="1" minor="6" />
	<Project>
		<Option title="sound" />
		<Option makefile="D:\apps\GenDev\makefile.gen" />
		<Option makefile_is_custom="1" />
		<Option pch_mode="2" />
		<Option compiler="sega_genesis_compiler" />
		<Build>
			<Target title="default">
				<Option output="out\test" prefix_auto="1" extension_auto="1" />
				<Option object_output="out\" />
				<Option type="1" />
				<Option compiler="sega_genesis_compiler" />
				<Compiler>
					<Add option="-O2" />
				</Compiler>
				<Linker>
					<Add option="-s" />
				</Linker>
				<MakeCommands>
					<Build command="$make -f $makefile" />
					<CompileFile command="$make -f $makefile $file" />
					<Clean command="$make -f $makefile clean" />
					<DistClean command="$make -f $makefile clean" />
					<AskRebuildNeeded command="$make -q -f $makefile $target" />
					<SilentBuild command="$make -s -f $makefile $target" />
				</MakeCommands>
			</Target>
		</Build>
		<Compiler>
			<Add option="-Wall" />
		</Compiler>
		<Unit filename="res\beat1_16k.h" />
		<Unit filename="res\india_11k.h" />
		<Unit filename="res\india_13k.h" />
		<Unit filename="res\india_16k.h" />
		<Unit filename="res\india_22k.h" />
		<Unit filename="res\india_32k.h" />
		<Unit filename="res\india_8k.h" />
		<Unit filename="res\india_pcm_22k.h" />
		<Unit filename="res\loop1_16k.h" />
		<Unit filename="res\loop2_16k.h" />
		<Unit filename="res\loop3_16k.h" />
		<Unit filename="res\loop4_pcm_22k.h" />
		<Unit filename="res\music_mvs.h" />
		<Unit filename="res\music_tfd.h" />
		<Unit filename="res\piano1_16k.h" />
		<Unit filename="res\sound1_16k.h" />
		<Unit filename="res\violon1_16k.h" />
		<Unit filename="res\violon2_16k.h" />
		<Unit filename="src\main.c">
			<Option compilerVar="CC" />
		</Unit>
		<Unit filename="src\sounds.h" />
		<Extensions>
			<code_completion />
			<envvars />
			<debugger />
		</Extensions>
	</Project>
</CodeBlocks_project_file>
