<?xml version="1.0" encoding="UTF-8" standalone="yes" ?>
<CodeBlocks_project_file>
	<FileVersion major="1" minor="6" />
	<Project>
		<Option title="genitile" />
		<Option pch_mode="2" />
		<Option compiler="gcc" />
		<Build>
			<Target title="default">
				<Option output="out\genitile" prefix_auto="1" extension_auto="1" />
				<Option object_output="out\" />
				<Option type="1" />
				<Option compiler="gcc" />
				<Compiler>
					<Add option="-O" />
				</Compiler>
				<Linker>
					<Add option="-s" />
				</Linker>
			</Target>
		</Build>
		<Compiler>
			<Add option="-Wall" />
		</Compiler>
		<Unit filename="src\Nemesis.h" />
		<Unit filename="src\lz77.cpp" />
		<Unit filename="src\lz77.h" />
		<Unit filename="src\mdtt.cpp" />
		<Unit filename="src\mdttSDK.h" />
		<Unit filename="src\tgApp.cpp" />
		<Unit filename="src\tgApp.h" />
		<Unit filename="src\tgImgPlugin.cpp" />
		<Unit filename="src\tgImgPlugin.h" />
		<Unit filename="src\tgList.h" />
		<Unit filename="src\tgOutputPlugin.cpp" />
		<Unit filename="src\tgOutputPlugin.h" />
		<Unit filename="src\tgPlugin.cpp" />
		<Unit filename="src\tgPlugin.h" />
		<Unit filename="src\tgPluginsList.h" />
		<Unit filename="src\tgTools.cpp" />
		<Unit filename="src\tgTools.h" />
		<Extensions>
			<code_completion />
			<envvars />
			<debugger />
			<lib_finder disable_auto="1" />
		</Extensions>
	</Project>
</CodeBlocks_project_file>
