<?xml version="1.0" encoding="utf-8"?>
<Project ToolsVersion="4.0" xmlns="http://schemas.microsoft.com/developer/msbuild/2003">
  <ItemGroup>
    <Filter Include="asm">
      <UniqueIdentifier>{7fb190cf-41a6-443c-9bcc-9504e9ed0d3e}</UniqueIdentifier>
    </Filter>
    <Filter Include="c">
      <UniqueIdentifier>{299b4422-35ee-44e6-92b3-76cec1224271}</UniqueIdentifier>
    </Filter>
    <Filter Include="res">
      <UniqueIdentifier>{647bce3c-d571-4314-8439-5d4a00cfa83e}</UniqueIdentifier>
    </Filter>
    <Filter Include="z80">
      <UniqueIdentifier>{a5511da9-afbe-42f9-b812-a0d2a46ab8aa}</UniqueIdentifier>
    </Filter>
  </ItemGroup>
  <ItemGroup>
    <CustomBuild Include="..\..\src\z80_vgm.c">
      <Filter>c</Filter>
    </CustomBuild>
    <CustomBuild Include="..\..\src\vdp_tile_a.s">
      <Filter>asm</Filter>
    </CustomBuild>
    <CustomBuild Include="..\..\src\bmp_a.s">
      <Filter>asm</Filter>
    </CustomBuild>
    <CustomBuild Include="..\..\src\kdebug.s">
      <Filter>asm</Filter>
    </CustomBuild>
    <CustomBuild Include="..\..\src\maths3D_a.s">
      <Filter>asm</Filter>
    </CustomBuild>
    <CustomBuild Include="..\..\src\memory_a.s">
      <Filter>asm</Filter>
    </CustomBuild>
    <CustomBuild Include="..\..\src\smp_null.s">
      <Filter>asm</Filter>
    </CustomBuild>
    <CustomBuild Include="..\..\src\smp_null_pcm.s">
      <Filter>asm</Filter>
    </CustomBuild>
    <CustomBuild Include="..\..\src\sram_a.s">
      <Filter>asm</Filter>
    </CustomBuild>
    <CustomBuild Include="..\..\src\sys_a.s">
      <Filter>asm</Filter>
    </CustomBuild>
    <CustomBuild Include="..\..\src\tools_a.s">
      <Filter>asm</Filter>
    </CustomBuild>
    <CustomBuild Include="..\..\src\vdp_pal_a.s">
      <Filter>asm</Filter>
    </CustomBuild>
    <CustomBuild Include="..\..\src\bmp.c">
      <Filter>c</Filter>
    </CustomBuild>
    <CustomBuild Include="..\..\src\dma.c">
      <Filter>c</Filter>
    </CustomBuild>
    <CustomBuild Include="..\..\src\everdrive.c">
      <Filter>c</Filter>
    </CustomBuild>
    <CustomBuild Include="..\..\src\fat16.c">
      <Filter>c</Filter>
    </CustomBuild>
    <CustomBuild Include="..\..\src\joy.c">
      <Filter>c</Filter>
    </CustomBuild>
    <CustomBuild Include="..\..\src\maths.c">
      <Filter>c</Filter>
    </CustomBuild>
    <CustomBuild Include="..\..\src\maths3D.c">
      <Filter>c</Filter>
    </CustomBuild>
    <CustomBuild Include="..\..\src\memory.c">
      <Filter>c</Filter>
    </CustomBuild>
    <CustomBuild Include="..\..\src\psg.c">
      <Filter>c</Filter>
    </CustomBuild>
    <CustomBuild Include="..\..\src\sound.c">
      <Filter>c</Filter>
    </CustomBuild>
    <CustomBuild Include="..\..\src\sprite_eng.c">
      <Filter>c</Filter>
    </CustomBuild>
    <CustomBuild Include="..\..\src\sram.c">
      <Filter>c</Filter>
    </CustomBuild>
    <CustomBuild Include="..\..\src\string.c">
      <Filter>c</Filter>
    </CustomBuild>
    <CustomBuild Include="..\..\src\sys.c">
      <Filter>c</Filter>
    </CustomBuild>
    <CustomBuild Include="..\..\src\tab_cnv.c">
      <Filter>c</Filter>
    </CustomBuild>
    <CustomBuild Include="..\..\src\tab_log2.c">
      <Filter>c</Filter>
    </CustomBuild>
    <CustomBuild Include="..\..\src\tab_log10.c">
      <Filter>c</Filter>
    </CustomBuild>
    <CustomBuild Include="..\..\src\tab_sin.c">
      <Filter>c</Filter>
    </CustomBuild>
    <CustomBuild Include="..\..\src\tab_sqrt.c">
      <Filter>c</Filter>
    </CustomBuild>
    <CustomBuild Include="..\..\src\tab_vol.c">
      <Filter>c</Filter>
    </CustomBuild>
    <CustomBuild Include="..\..\src\tfcplay.c">
      <Filter>c</Filter>
    </CustomBuild>
    <CustomBuild Include="..\..\src\tile_cache.c">
      <Filter>c</Filter>
    </CustomBuild>
    <CustomBuild Include="..\..\src\timer.c">
      <Filter>c</Filter>
    </CustomBuild>
    <CustomBuild Include="..\..\src\tools.c">
      <Filter>c</Filter>
    </CustomBuild>
    <CustomBuild Include="..\..\src\types.c">
      <Filter>c</Filter>
    </CustomBuild>
    <CustomBuild Include="..\..\src\vdp.c">
      <Filter>c</Filter>
    </CustomBuild>
    <CustomBuild Include="..\..\src\vdp_bg.c">
      <Filter>c</Filter>
    </CustomBuild>
    <CustomBuild Include="..\..\src\vdp_dma.c">
      <Filter>c</Filter>
    </CustomBuild>
    <CustomBuild Include="..\..\src\vdp_pal.c">
      <Filter>c</Filter>
    </CustomBuild>
    <CustomBuild Include="..\..\src\vdp_spr.c">
      <Filter>c</Filter>
    </CustomBuild>
    <CustomBuild Include="..\..\src\vdp_tile.c">
      <Filter>c</Filter>
    </CustomBuild>
    <CustomBuild Include="..\..\src\vram.c">
      <Filter>c</Filter>
    </CustomBuild>
    <CustomBuild Include="..\..\src\xgm.c">
      <Filter>c</Filter>
    </CustomBuild>
    <CustomBuild Include="..\..\src\ym2612.c">
      <Filter>c</Filter>
    </CustomBuild>
    <CustomBuild Include="..\..\src\z80_ctrl.c">
      <Filter>c</Filter>
    </CustomBuild>
    <CustomBuild Include="..\..\src\zlib.c">
      <Filter>c</Filter>
    </CustomBuild>
    <CustomBuild Include="..\..\res\libres.s">
      <Filter>res</Filter>
    </CustomBuild>
    <CustomBuild Include="..\..\src\z80_drv1.s80">
      <Filter>z80</Filter>
    </CustomBuild>
    <CustomBuild Include="..\..\src\z80_drv2.s80">
      <Filter>z80</Filter>
    </CustomBuild>
    <CustomBuild Include="..\..\src\z80_drv3.s80">
      <Filter>z80</Filter>
    </CustomBuild>
    <CustomBuild Include="..\..\src\z80_mvs.s80">
      <Filter>z80</Filter>
    </CustomBuild>
    <CustomBuild Include="..\..\src\z80_tfm.s80">
      <Filter>z80</Filter>
    </CustomBuild>
    <CustomBuild Include="..\..\src\z80_xgm.s80">
      <Filter>z80</Filter>
    </CustomBuild>
  </ItemGroup>
</Project>