<?xml version="1.0" encoding="utf-8"?>
<Project ToolsVersion="4.0" xmlns="http://schemas.microsoft.com/developer/msbuild/2003">
  <ItemGroup>
    <Filter Include="inc">
      <UniqueIdentifier>{2006634c-2edd-4d53-8659-0de18a9ad402}</UniqueIdentifier>
    </Filter>
    <Filter Include="src">
      <UniqueIdentifier>{a07eee7d-640d-4860-989b-82e19b632a51}</UniqueIdentifier>
    </Filter>
  </ItemGroup>
  <ItemGroup>
    <ClCompile Include="..\..\tools\rescomp\src\bitmap.c">
      <Filter>src</Filter>
    </ClCompile>
    <ClCompile Include="..\..\tools\rescomp\src\bmp_tools.c">
      <Filter>src</Filter>
    </ClCompile>
    <ClCompile Include="..\..\tools\rescomp\src\image.c">
      <Filter>src</Filter>
    </ClCompile>
    <ClCompile Include="..\..\tools\rescomp\src\img_tools.c">
      <Filter>src</Filter>
    </ClCompile>
    <ClCompile Include="..\..\tools\rescomp\src\libpng.c">
      <Filter>src</Filter>
    </ClCompile>
    <ClCompile Include="..\..\tools\rescomp\src\map.c">
      <Filter>src</Filter>
    </ClCompile>
    <ClCompile Include="..\..\tools\rescomp\src\palette.c">
      <Filter>src</Filter>
    </ClCompile>
    <ClCompile Include="..\..\tools\rescomp\src\pcm.c">
      <Filter>src</Filter>
    </ClCompile>
    <ClCompile Include="..\..\tools\rescomp\src\png_tools.c">
      <Filter>src</Filter>
    </ClCompile>
    <ClCompile Include="..\..\tools\rescomp\src\rescomp.c">
      <Filter>src</Filter>
    </ClCompile>
    <ClCompile Include="..\..\tools\rescomp\src\snd_tools.c">
      <Filter>src</Filter>
    </ClCompile>
    <ClCompile Include="..\..\tools\rescomp\src\spr_tools.c">
      <Filter>src</Filter>
    </ClCompile>
    <ClCompile Include="..\..\tools\rescomp\src\sprite.c">
      <Filter>src</Filter>
    </ClCompile>
    <ClCompile Include="..\..\tools\rescomp\src\tfmmusic.c">
      <Filter>src</Filter>
    </ClCompile>
    <ClCompile Include="..\..\tools\rescomp\src\tile_tools.c">
      <Filter>src</Filter>
    </ClCompile>
    <ClCompile Include="..\..\tools\rescomp\src\tileset.c">
      <Filter>src</Filter>
    </ClCompile>
    <ClCompile Include="..\..\tools\rescomp\src\tools.c">
      <Filter>src</Filter>
    </ClCompile>
    <ClCompile Include="..\..\tools\rescomp\src\vgmmusic.c">
      <Filter>src</Filter>
    </ClCompile>
    <ClCompile Include="..\..\tools\rescomp\src\wav.c">
      <Filter>src</Filter>
    </ClCompile>
    <ClCompile Include="..\..\tools\rescomp\src\xgmmusic.c">
      <Filter>src</Filter>
    </ClCompile>
    <ClCompile Include="..\..\tools\rescomp\src\bin.c">
      <Filter>src</Filter>
    </ClCompile>
  </ItemGroup>
  <ItemGroup>
    <ClInclude Include="..\..\tools\rescomp\inc\bin.h">
      <Filter>inc</Filter>
    </ClInclude>
    <ClInclude Include="..\..\tools\rescomp\inc\bitmap.h">
      <Filter>inc</Filter>
    </ClInclude>
    <ClInclude Include="..\..\tools\rescomp\inc\image.h">
      <Filter>inc</Filter>
    </ClInclude>
    <ClInclude Include="..\..\tools\rescomp\inc\img_tools.h">
      <Filter>inc</Filter>
    </ClInclude>
    <ClInclude Include="..\..\tools\rescomp\inc\libpng.h">
      <Filter>inc</Filter>
    </ClInclude>
    <ClInclude Include="..\..\tools\rescomp\inc\map.h">
      <Filter>inc</Filter>
    </ClInclude>
    <ClInclude Include="..\..\tools\rescomp\inc\palette.h">
      <Filter>inc</Filter>
    </ClInclude>
    <ClInclude Include="..\..\tools\rescomp\inc\pcm.h">
      <Filter>inc</Filter>
    </ClInclude>
    <ClInclude Include="..\..\tools\rescomp\inc\plugin.h">
      <Filter>inc</Filter>
    </ClInclude>
    <ClInclude Include="..\..\tools\rescomp\inc\rescomp.h">
      <Filter>inc</Filter>
    </ClInclude>
    <ClInclude Include="..\..\tools\rescomp\inc\snd_tools.h">
      <Filter>inc</Filter>
    </ClInclude>
    <ClInclude Include="..\..\tools\rescomp\inc\spr_tools.h">
      <Filter>inc</Filter>
    </ClInclude>
    <ClInclude Include="..\..\tools\rescomp\inc\sprite.h">
      <Filter>inc</Filter>
    </ClInclude>
    <ClInclude Include="..\..\tools\rescomp\inc\tfmmusic.h">
      <Filter>inc</Filter>
    </ClInclude>
    <ClInclude Include="..\..\tools\rescomp\inc\tile_tools.h">
      <Filter>inc</Filter>
    </ClInclude>
    <ClInclude Include="..\..\tools\rescomp\inc\tileset.h">
      <Filter>inc</Filter>
    </ClInclude>
    <ClInclude Include="..\..\tools\rescomp\inc\tools.h">
      <Filter>inc</Filter>
    </ClInclude>
    <ClInclude Include="..\..\tools\rescomp\inc\vgmmusic.h">
      <Filter>inc</Filter>
    </ClInclude>
    <ClInclude Include="..\..\tools\rescomp\inc\wav.h">
      <Filter>inc</Filter>
    </ClInclude>
    <ClInclude Include="..\..\tools\rescomp\inc\xgmmusic.h">
      <Filter>inc</Filter>
    </ClInclude>
  </ItemGroup>
</Project>